
Microsoft Visual Studio Solution File, Format Version 12.00
# Visual Studio Version 17
VisualStudioVersion = 17.4.33213.308
MinimumVisualStudioVersion = 10.0.40219.1
Project("{FAE04EC0-301F-11D3-BF4B-00C04F79EFBC}") = "DoctorWho.web", "DoctorWho.web\DoctorWho.web.csproj", "{5D799CBE-A93F-4D28-A98F-29DDA2878E7A}"
EndProject
Project("{9A19103F-16F7-4668-BE54-9A1E7A4F7556}") = "DoctorWho.Db", "..\DoctorWho.Core\DoctorWho.Db\DoctorWho.Db.csproj", "{4B4600C1-F9CB-4226-9193-381D36467B45}"
EndProject
Project("{9A19103F-16F7-4668-BE54-9A1E7A4F7556}") = "DoctorWho.Domain", "..\DoctorWho.Core\DoctorWho.Domain\DoctorWho.Domain.csproj", "{B9AAC7E2-1E64-4FFF-8D0C-9AFAD5EECF4A}"
EndProject
Global
	GlobalSection(SolutionConfigurationPlatforms) = preSolution
		Debug|Any CPU = Debug|Any CPU
		Release|Any CPU = Release|Any CPU
	EndGlobalSection
	GlobalSection(ProjectConfigurationPlatforms) = postSolution
		{5D799CBE-A93F-4D28-A98F-29DDA2878E7A}.Debug|Any CPU.ActiveCfg = Debug|Any CPU
		{5D799CBE-A93F-4D28-A98F-29DDA2878E7A}.Debug|Any CPU.Build.0 = Debug|Any CPU
		{5D799CBE-A93F-4D28-A98F-29DDA2878E7A}.Release|Any CPU.ActiveCfg = Release|Any CPU
		{5D799CBE-A93F-4D28-A98F-29DDA2878E7A}.Release|Any CPU.Build.0 = Release|Any CPU
		{4B4600C1-F9CB-4226-9193-381D36467B45}.Debug|Any CPU.ActiveCfg = Debug|Any CPU
		{4B4600C1-F9CB-4226-9193-381D36467B45}.Debug|Any CPU.Build.0 = Debug|Any CPU
		{4B4600C1-F9CB-4226-9193-381D36467B45}.Release|Any CPU.ActiveCfg = Release|Any CPU
		{4B4600C1-F9CB-4226-9193-381D36467B45}.Release|Any CPU.Build.0 = Release|Any CPU
		{B9AAC7E2-1E64-4FFF-8D0C-9AFAD5EECF4A}.Debug|Any CPU.ActiveCfg = Debug|Any CPU
		{B9AAC7E2-1E64-4FFF-8D0C-9AFAD5EECF4A}.Debug|Any CPU.Build.0 = Debug|Any CPU
		{B9AAC7E2-1E64-4FFF-8D0C-9AFAD5EECF4A}.Release|Any CPU.ActiveCfg = Release|Any CPU
		{B9AAC7E2-1E64-4FFF-8D0C-9AFAD5EECF4A}.Release|Any CPU.Build.0 = Release|Any CPU
	EndGlobalSection
	GlobalSection(SolutionProperties) = preSolution
		HideSolutionNode = FALSE
	EndGlobalSection
	GlobalSection(ExtensibilityGlobals) = postSolution
		SolutionGuid = {C0CEC854-9093-430A-B422-4BC8CA5E0023}
	EndGlobalSection
EndGlobal
